<?xml version="1.0" encoding="utf-8"?>
<Project ToolsVersion="4.0" xmlns="http://schemas.microsoft.com/developer/msbuild/2003">
  <ItemGroup>
    <Filter Include="Source Files">
      <UniqueIdentifier>{4FC737F1-C7A5-4376-A066-2A32D752A2FF}</UniqueIdentifier>
      <Extensions>cpp;c;cc;cxx;def;odl;idl;hpj;bat;asm;asmx</Extensions>
    </Filter>
    <Filter Include="Header Files">
      <UniqueIdentifier>{93995380-89BD-4b04-88EB-625FBE52EBFB}</UniqueIdentifier>
      <Extensions>h;hh;hpp;hxx;hm;inl;inc;xsd</Extensions>
    </Filter>
    <Filter Include="Messages">
      <UniqueIdentifier>{b874c79a-f7f5-415c-8742-5136ba313c64}</UniqueIdentifier>
    </Filter>
    <Filter Include="Messengers">
      <UniqueIdentifier>{c0ef7c82-0335-4631-bd86-de961becf966}</UniqueIdentifier>
    </Filter>
  </ItemGroup>
  <ItemGroup>
    <ClCompile Include="main.cpp">
      <Filter>Source Files</Filter>
    </ClCompile>
    <ClCompile Include="SocketClient.cpp">
      <Filter>Messengers</Filter>
    </ClCompile>
    <ClCompile Include="SocketMessenger.cpp">
      <Filter>Messengers</Filter>
    </ClCompile>
    <ClCompile Include="SocketServer.cpp">
      <Filter>Messengers</Filter>
    </ClCompile>
  </ItemGroup>
  <ItemGroup>
    <ClInclude Include="StepInfoReply.h">
      <Filter>Messages</Filter>
    </ClInclude>
    <ClInclude Include="StepInfoRequest.h">
      <Filter>Messages</Filter>
    </ClInclude>
    <ClInclude Include="Message.h">
      <Filter>Messages</Filter>
    </ClInclude>
    <ClInclude Include="StepParameters.h">
      <Filter>Messages</Filter>
    </ClInclude>
    <ClInclude Include="SocketException.h">
      <Filter>Header Files</Filter>
    </ClInclude>
    <ClInclude Include="SocketClient.h">
      <Filter>Messengers</Filter>
    </ClInclude>
    <ClInclude Include="SocketMessenger.h">
      <Filter>Messengers</Filter>
    </ClInclude>
    <ClInclude Include="SocketServer.h">
      <Filter>Messengers</Filter>
    </ClInclude>
    <ClInclude Include="Tests.h">
      <Filter>Source Files</Filter>
    </ClInclude>
  </ItemGroup>
</Project>