<?xml version="1.0" encoding="utf-8"?>
<Project ToolsVersion="4.0" xmlns="http://schemas.microsoft.com/developer/msbuild/2003">
  <ItemGroup>
    <Filter Include="Messengers">
      <UniqueIdentifier>{cdf7ec67-a294-4ecc-bfb4-e0b0623f8620}</UniqueIdentifier>
    </Filter>
    <Filter Include="Messages">
      <UniqueIdentifier>{4059eeea-004b-4b7f-bad2-8f5cdcc7a678}</UniqueIdentifier>
    </Filter>
    <Filter Include="Service">
      <UniqueIdentifier>{26467fcf-e79d-4488-92a0-9a3e94032adf}</UniqueIdentifier>
    </Filter>
  </ItemGroup>
  <ItemGroup>
    <ClInclude Include="Messages\Message.h" />
    <ClInclude Include="Messages\MessageNum.h" />
    <ClInclude Include="Messages\StepInfoReply.h" />
    <ClInclude Include="Messages\StepInfoRequest.h" />
    <ClInclude Include="Messages\StepParameters.h" />
    <ClInclude Include="Messengers\SocketClient.h" />
    <ClInclude Include="Messengers\SocketMessenger.h" />
    <ClInclude Include="Messengers\SocketServer.h" />
    <ClInclude Include="Other\SocketException.h" />
    <ClInclude Include="Tests\Tests.h" />
    <ClInclude Include="Other\Utils.h" />
  </ItemGroup>
  <ItemGroup>
    <ClCompile Include="Messengers\SocketClient.cpp" />
    <ClCompile Include="Messengers\SocketMessenger.cpp" />
    <ClCompile Include="Messengers\SocketServer.cpp" />
    <ClCompile Include="Tests\Client.cpp" />
    <ClCompile Include="Tests\Main.cpp" />
    <ClCompile Include="Tests\Server.cpp" />
    <ClCompile Include="Tests\Tests.cpp" />
  </ItemGroup>
</Project>